// !$*UTF8*$!
{
	archiveVersion = 1;
	classes = {
	};
	objectVersion = 55;
	objects = {

/* Begin PBXBuildFile section */
		4EAF093F28151ABA00978426 /* AppDelegate.m in Sources */ = {isa = PBXBuildFile; fileRef = 4EAF093E28151ABA00978426 /* AppDelegate.m */; };
		4EAF094228151ABA00978426 /* Interzone.xcdatamodeld in Sources */ = {isa = PBXBuildFile; fileRef = 4EAF094028151ABA00978426 /* Interzone.xcdatamodeld */; };
		4EAF094428151AC300978426 /* Assets.xcassets in Resources */ = {isa = PBXBuildFile; fileRef = 4EAF094328151AC300978426 /* Assets.xcassets */; };
		4EAF094728151AC300978426 /* MainMenu.xib in Resources */ = {isa = PBXBuildFile; fileRef = 4EAF094528151AC300978426 /* MainMenu.xib */; };
		4EAF094928151AC300978426 /* main.m in Sources */ = {isa = PBXBuildFile; fileRef = 4EAF094828151AC300978426 /* main.m */; };
		4EAF095428151AC400978426 /* InterzoneTests.m in Sources */ = {isa = PBXBuildFile; fileRef = 4EAF095328151AC400978426 /* InterzoneTests.m */; };
		4EAF095E28151AC400978426 /* InterzoneUITests.m in Sources */ = {isa = PBXBuildFile; fileRef = 4EAF095D28151AC400978426 /* InterzoneUITests.m */; };
		4EAF096028151AC400978426 /* InterzoneUITestsLaunchTests.m in Sources */ = {isa = PBXBuildFile; fileRef = 4EAF095F28151AC400978426 /* InterzoneUITestsLaunchTests.m */; };
/* End PBXBuildFile section */

/* Begin PBXContainerItemProxy section */
		4EAF095028151AC400978426 /* PBXContainerItemProxy */ = {
			isa = PBXContainerItemProxy;
			containerPortal = 4EAF093228151ABA00978426 /* Project object */;
			proxyType = 1;
			remoteGlobalIDString = 4EAF093928151ABA00978426;
			remoteInfo = Interzone;
		};
		4EAF095A28151AC400978426 /* PBXContainerItemProxy */ = {
			isa = PBXContainerItemProxy;
			containerPortal = 4EAF093228151ABA00978426 /* Project object */;
			proxyType = 1;
			remoteGlobalIDString = 4EAF093928151ABA00978426;
			remoteInfo = Interzone;
		};
/* End PBXContainerItemProxy section */

/* Begin PBXFileReference section */
		4EAF093A28151ABA00978426 /* Interzone.app */ = {isa = PBXFileReference; explicitFileType = wrapper.application; includeInIndex = 0; path = Interzone.app; sourceTree = BUILT_PRODUCTS_DIR; };
		4EAF093D28151ABA00978426 /* AppDelegate.h */ = {isa = PBXFileReference; lastKnownFileType = sourcecode.c.h; path = AppDelegate.h; sourceTree = "<group>"; };
		4EAF093E28151ABA00978426 /* AppDelegate.m */ = {isa = PBXFileReference; lastKnownFileType = sourcecode.c.objc; path = AppDelegate.m; sourceTree = "<group>"; };
		4EAF094128151ABA00978426 /* Interzone.xcdatamodel */ = {isa = PBXFileReference; lastKnownFileType = wrapper.xcdatamodel; path = Interzone.xcdatamodel; sourceTree = "<group>"; };
		4EAF094328151AC300978426 /* Assets.xcassets */ = {isa = PBXFileReference; lastKnownFileType = folder.assetcatalog; path = Assets.xcassets; sourceTree = "<group>"; };
		4EAF094628151AC300978426 /* Base */ = {isa = PBXFileReference; lastKnownFileType = file.xib; name = Base; path = Base.lproj/MainMenu.xib; sourceTree = "<group>"; };
		4EAF094828151AC300978426 /* main.m */ = {isa = PBXFileReference; lastKnownFileType = sourcecode.c.objc; path = main.m; sourceTree = "<group>"; };
		4EAF094A28151AC300978426 /* Interzone.entitlements */ = {isa = PBXFileReference; lastKnownFileType = text.plist.entitlements; path = Interzone.entitlements; sourceTree = "<group>"; };
		4EAF094F28151AC400978426 /* InterzoneTests.xctest */ = {isa = PBXFileReference; explicitFileType = wrapper.cfbundle; includeInIndex = 0; path = InterzoneTests.xctest; sourceTree = BUILT_PRODUCTS_DIR; };
		4EAF095328151AC400978426 /* InterzoneTests.m */ = {isa = PBXFileReference; lastKnownFileType = sourcecode.c.objc; path = InterzoneTests.m; sourceTree = "<group>"; };
		4EAF095928151AC400978426 /* InterzoneUITests.xctest */ = {isa = PBXFileReference; explicitFileType = wrapper.cfbundle; includeInIndex = 0; path = InterzoneUITests.xctest; sourceTree = BUILT_PRODUCTS_DIR; };
		4EAF095D28151AC400978426 /* InterzoneUITests.m */ = {isa = PBXFileReference; lastKnownFileType = sourcecode.c.objc; path = InterzoneUITests.m; sourceTree = "<group>"; };
		4EAF095F28151AC400978426 /* InterzoneUITestsLaunchTests.m */ = {isa = PBXFileReference; lastKnownFileType = sourcecode.c.objc; path = InterzoneUITestsLaunchTests.m; sourceTree = "<group>"; };
/* End PBXFileReference section */

/* Begin PBXFrameworksBuildPhase section */
		4EAF093728151ABA00978426 /* Frameworks */ = {
			isa = PBXFrameworksBuildPhase;
			buildActionMask = 2147483647;
			files = (
			);
			runOnlyForDeploymentPostprocessing = 0;
		};
		4EAF094C28151AC400978426 /* Frameworks */ = {
			isa = PBXFrameworksBuildPhase;
			buildActionMask = 2147483647;
			files = (
			);
			runOnlyForDeploymentPostprocessing = 0;
		};
		4EAF095628151AC400978426 /* Frameworks */ = {
			isa = PBXFrameworksBuildPhase;
			buildActionMask = 2147483647;
			files = (
			);
			runOnlyForDeploymentPostprocessing = 0;
		};
/* End PBXFrameworksBuildPhase section */

/* Begin PBXGroup section */
		4EAF093128151ABA00978426 = {
			isa = PBXGroup;
			children = (
				4EAF093C28151ABA00978426 /* Interzone */,
				4EAF095228151AC400978426 /* InterzoneTests */,
				4EAF095C28151AC400978426 /* InterzoneUITests */,
				4EAF093B28151ABA00978426 /* Products */,
			);
			sourceTree = "<group>";
		};
		4EAF093B28151ABA00978426 /* Products */ = {
			isa = PBXGroup;
			children = (
				4EAF093A28151ABA00978426 /* Interzone.app */,
				4EAF094F28151AC400978426 /* InterzoneTests.xctest */,
				4EAF095928151AC400978426 /* InterzoneUITests.xctest */,
			);
			name = Products;
			sourceTree = "<group>";
		};
		4EAF093C28151ABA00978426 /* Interzone */ = {
			isa = PBXGroup;
			children = (
				4EAF093D28151ABA00978426 /* AppDelegate.h */,
				4EAF093E28151ABA00978426 /* AppDelegate.m */,
				4EAF094328151AC300978426 /* Assets.xcassets */,
				4EAF094528151AC300978426 /* MainMenu.xib */,
				4EAF094828151AC300978426 /* main.m */,
				4EAF094A28151AC300978426 /* Interzone.entitlements */,
				4EAF094028151ABA00978426 /* Interzone.xcdatamodeld */,
			);
			path = Interzone;
			sourceTree = "<group>";
		};
		4EAF095228151AC400978426 /* InterzoneTests */ = {
			isa = PBXGroup;
			children = (
				4EAF095328151AC400978426 /* InterzoneTests.m */,
			);
			path = InterzoneTests;
			sourceTree = "<group>";
		};
		4EAF095C28151AC400978426 /* InterzoneUITests */ = {
			isa = PBXGroup;
			children = (
				4EAF095D28151AC400978426 /* InterzoneUITests.m */,
				4EAF095F28151AC400978426 /* InterzoneUITestsLaunchTests.m */,
			);
			path = InterzoneUITests;
			sourceTree = "<group>";
		};
/* End PBXGroup section */

/* Begin PBXNativeTarget section */
		4EAF093928151ABA00978426 /* Interzone */ = {
			isa = PBXNativeTarget;
			buildConfigurationList = 4EAF096328151AC400978426 /* Build configuration list for PBXNativeTarget "Interzone" */;
			buildPhases = (
				4EAF093628151ABA00978426 /* Sources */,
				4EAF093728151ABA00978426 /* Frameworks */,
				4EAF093828151ABA00978426 /* Resources */,
			);
			buildRules = (
			);
			dependencies = (
			);
			name = Interzone;
			productName = Interzone;
			productReference = 4EAF093A28151ABA00978426 /* Interzone.app */;
			productType = "com.apple.product-type.application";
		};
		4EAF094E28151AC400978426 /* InterzoneTests */ = {
			isa = PBXNativeTarget;
			buildConfigurationList = 4EAF096628151AC400978426 /* Build configuration list for PBXNativeTarget "InterzoneTests" */;
			buildPhases = (
				4EAF094B28151AC400978426 /* Sources */,
				4EAF094C28151AC400978426 /* Frameworks */,
				4EAF094D28151AC400978426 /* Resources */,
			);
			buildRules = (
			);
			dependencies = (
				4EAF095128151AC400978426 /* PBXTargetDependency */,
			);
			name = InterzoneTests;
			productName = InterzoneTests;
			productReference = 4EAF094F28151AC400978426 /* InterzoneTests.xctest */;
			productType = "com.apple.product-type.bundle.unit-test";
		};
		4EAF095828151AC400978426 /* InterzoneUITests */ = {
			isa = PBXNativeTarget;
			buildConfigurationList = 4EAF096928151AC400978426 /* Build configuration list for PBXNativeTarget "InterzoneUITests" */;
			buildPhases = (
				4EAF095528151AC400978426 /* Sources */,
				4EAF095628151AC400978426 /* Frameworks */,
				4EAF095728151AC400978426 /* Resources */,
			);
			buildRules = (
			);
			dependencies = (
				4EAF095B28151AC400978426 /* PBXTargetDependency */,
			);
			name = InterzoneUITests;
			productName = InterzoneUITests;
			productReference = 4EAF095928151AC400978426 /* InterzoneUITests.xctest */;
			productType = "com.apple.product-type.bundle.ui-testing";
		};
/* End PBXNativeTarget section */

/* Begin PBXProject section */
		4EAF093228151ABA00978426 /* Project object */ = {
			isa = PBXProject;
			attributes = {
				BuildIndependentTargetsInParallel = 1;
				LastUpgradeCheck = 1330;
				TargetAttributes = {
					4EAF093928151ABA00978426 = {
						CreatedOnToolsVersion = 13.3.1;
					};
					4EAF094E28151AC400978426 = {
						CreatedOnToolsVersion = 13.3.1;
						TestTargetID = 4EAF093928151ABA00978426;
					};
					4EAF095828151AC400978426 = {
						CreatedOnToolsVersion = 13.3.1;
						TestTargetID = 4EAF093928151ABA00978426;
					};
				};
			};
			buildConfigurationList = 4EAF093528151ABA00978426 /* Build configuration list for PBXProject "Interzone" */;
			compatibilityVersion = "Xcode 13.0";
			developmentRegion = en;
			hasScannedForEncodings = 0;
			knownRegions = (
				en,
				Base,
			);
			mainGroup = 4EAF093128151ABA00978426;
			productRefGroup = 4EAF093B28151ABA00978426 /* Products */;
			projectDirPath = "";
			projectRoot = "";
			targets = (
				4EAF093928151ABA00978426 /* Interzone */,
				4EAF094E28151AC400978426 /* InterzoneTests */,
				4EAF095828151AC400978426 /* InterzoneUITests */,
			);
		};
/* End PBXProject section */

/* Begin PBXResourcesBuildPhase section */
		4EAF093828151ABA00978426 /* Resources */ = {
			isa = PBXResourcesBuildPhase;
			buildActionMask = 2147483647;
			files = (
				4EAF094428151AC300978426 /* Assets.xcassets in Resources */,
				4EAF094728151AC300978426 /* MainMenu.xib in Resources */,
			);
			runOnlyForDeploymentPostprocessing = 0;
		};
		4EAF094D28151AC400978426 /* Resources */ = {
			isa = PBXResourcesBuildPhase;
			buildActionMask = 2147483647;
			files = (
			);
			runOnlyForDeploymentPostprocessing = 0;
		};
		4EAF095728151AC400978426 /* Resources */ = {
			isa = PBXResourcesBuildPhase;
			buildActionMask = 2147483647;
			files = (
			);
			runOnlyForDeploymentPostprocessing = 0;
		};
/* End PBXResourcesBuildPhase section */

/* Begin PBXSourcesBuildPhase section */
		4EAF093628151ABA00978426 /* Sources */ = {
			isa = PBXSourcesBuildPhase;
			buildActionMask = 2147483647;
			files = (
				4EAF094228151ABA00978426 /* Interzone.xcdatamodeld in Sources */,
				4EAF094928151AC300978426 /* main.m in Sources */,
				4EAF093F28151ABA00978426 /* AppDelegate.m in Sources */,
			);
			runOnlyForDeploymentPostprocessing = 0;
		};
		4EAF094B28151AC400978426 /* Sources */ = {
			isa = PBXSourcesBuildPhase;
			buildActionMask = 2147483647;
			files = (
				4EAF095428151AC400978426 /* InterzoneTests.m in Sources */,
			);
			runOnlyForDeploymentPostprocessing = 0;
		};
		4EAF095528151AC400978426 /* Sources */ = {
			isa = PBXSourcesBuildPhase;
			buildActionMask = 2147483647;
			files = (
				4EAF095E28151AC400978426 /* InterzoneUITests.m in Sources */,
				4EAF096028151AC400978426 /* InterzoneUITestsLaunchTests.m in Sources */,
			);
			runOnlyForDeploymentPostprocessing = 0;
		};
/* End PBXSourcesBuildPhase section */

/* Begin PBXTargetDependency section */
		4EAF095128151AC400978426 /* PBXTargetDependency */ = {
			isa = PBXTargetDependency;
			target = 4EAF093928151ABA00978426 /* Interzone */;
			targetProxy = 4EAF095028151AC400978426 /* PBXContainerItemProxy */;
		};
		4EAF095B28151AC400978426 /* PBXTargetDependency */ = {
			isa = PBXTargetDependency;
			target = 4EAF093928151ABA00978426 /* Interzone */;
			targetProxy = 4EAF095A28151AC400978426 /* PBXContainerItemProxy */;
		};
/* End PBXTargetDependency section */

/* Begin PBXVariantGroup section */
		4EAF094528151AC300978426 /* MainMenu.xib */ = {
			isa = PBXVariantGroup;
			children = (
				4EAF094628151AC300978426 /* Base */,
			);
			name = MainMenu.xib;
			sourceTree = "<group>";
		};
/* End PBXVariantGroup section */

/* Begin XCBuildConfiguration section */
		4EAF096128151AC400978426 /* Debug */ = {
			isa = XCBuildConfiguration;
			buildSettings = {
				ALWAYS_SEARCH_USER_PATHS = NO;
				CLANG_ANALYZER_NONNULL = YES;
				CLANG_ANALYZER_NUMBER_OBJECT_CONVERSION = YES_AGGRESSIVE;
				CLANG_CXX_LANGUAGE_STANDARD = "gnu++17";
				CLANG_ENABLE_MODULES = YES;
				CLANG_ENABLE_OBJC_ARC = YES;
				CLANG_ENABLE_OBJC_WEAK = YES;
				CLANG_WARN_BLOCK_CAPTURE_AUTORELEASING = YES;
				CLANG_WARN_BOOL_CONVERSION = YES;
				CLANG_WARN_COMMA = YES;
				CLANG_WARN_CONSTANT_CONVERSION = YES;
				CLANG_WARN_DEPRECATED_OBJC_IMPLEMENTATIONS = YES;
				CLANG_WARN_DIRECT_OBJC_ISA_USAGE = YES_ERROR;
				CLANG_WARN_DOCUMENTATION_COMMENTS = YES;
				CLANG_WARN_EMPTY_BODY = YES;
				CLANG_WARN_ENUM_CONVERSION = YES;
				CLANG_WARN_INFINITE_RECURSION = YES;
				CLANG_WARN_INT_CONVERSION = YES;
				CLANG_WARN_NON_LITERAL_NULL_CONVERSION = YES;
				CLANG_WARN_OBJC_IMPLICIT_RETAIN_SELF = YES;
				CLANG_WARN_OBJC_LITERAL_CONVERSION = YES;
				CLANG_WARN_OBJC_ROOT_CLASS = YES_ERROR;
				CLANG_WARN_QUOTED_INCLUDE_IN_FRAMEWORK_HEADER = YES;
				CLANG_WARN_RANGE_LOOP_ANALYSIS = YES;
				CLANG_WARN_STRICT_PROTOTYPES = YES;
				CLANG_WARN_SUSPICIOUS_MOVE = YES;
				CLANG_WARN_UNGUARDED_AVAILABILITY = YES_AGGRESSIVE;
				CLANG_WARN_UNREACHABLE_CODE = YES;
				CLANG_WARN__DUPLICATE_METHOD_MATCH = YES;
				COPY_PHASE_STRIP = NO;
				DEBUG_INFORMATION_FORMAT = dwarf;
				ENABLE_STRICT_OBJC_MSGSEND = YES;
				ENABLE_TESTABILITY = YES;
				GCC_C_LANGUAGE_STANDARD = gnu11;
				GCC_DYNAMIC_NO_PIC = NO;
				GCC_NO_COMMON_BLOCKS = YES;
				GCC_OPTIMIZATION_LEVEL = 0;
				GCC_PREPROCESSOR_DEFINITIONS = (
					"DEBUG=1",
					"$(inherited)",
				);
				GCC_WARN_64_TO_32_BIT_CONVERSION = YES;
				GCC_WARN_ABOUT_RETURN_TYPE = YES_ERROR;
				GCC_WARN_UNDECLARED_SELECTOR = YES;
				GCC_WARN_UNINITIALIZED_AUTOS = YES_AGGRESSIVE;
				GCC_WARN_UNUSED_FUNCTION = YES;
				GCC_WARN_UNUSED_VARIABLE = YES;
				MACOSX_DEPLOYMENT_TARGET = 12.3;
				MTL_ENABLE_DEBUG_INFO = INCLUDE_SOURCE;
				MTL_FAST_MATH = YES;
				ONLY_ACTIVE_ARCH = YES;
				SDKROOT = macosx;
			};
			name = Debug;
		};
		4EAF096228151AC400978426 /* Release */ = {
			isa = XCBuildConfiguration;
			buildSettings = {
				ALWAYS_SEARCH_USER_PATHS = NO;
				CLANG_ANALYZER_NONNULL = YES;
				CLANG_ANALYZER_NUMBER_OBJECT_CONVERSION = YES_AGGRESSIVE;
				CLANG_CXX_LANGUAGE_STANDARD = "gnu++17";
				CLANG_ENABLE_MODULES = YES;
				CLANG_ENABLE_OBJC_ARC = YES;
				CLANG_ENABLE_OBJC_WEAK = YES;
				CLANG_WARN_BLOCK_CAPTURE_AUTORELEASING = YES;
				CLANG_WARN_BOOL_CONVERSION = YES;
				CLANG_WARN_COMMA = YES;
				CLANG_WARN_CONSTANT_CONVERSION = YES;
				CLANG_WARN_DEPRECATED_OBJC_IMPLEMENTATIONS = YES;
				CLANG_WARN_DIRECT_OBJC_ISA_USAGE = YES_ERROR;
				CLANG_WARN_DOCUMENTATION_COMMENTS = YES;
				CLANG_WARN_EMPTY_BODY = YES;
				CLANG_WARN_ENUM_CONVERSION = YES;
				CLANG_WARN_INFINITE_RECURSION = YES;
				CLANG_WARN_INT_CONVERSION = YES;
				CLANG_WARN_NON_LITERAL_NULL_CONVERSION = YES;
				CLANG_WARN_OBJC_IMPLICIT_RETAIN_SELF = YES;
				CLANG_WARN_OBJC_LITERAL_CONVERSION = YES;
				CLANG_WARN_OBJC_ROOT_CLASS = YES_ERROR;
				CLANG_WARN_QUOTED_INCLUDE_IN_FRAMEWORK_HEADER = YES;
				CLANG_WARN_RANGE_LOOP_ANALYSIS = YES;
				CLANG_WARN_STRICT_PROTOTYPES = YES;
				CLANG_WARN_SUSPICIOUS_MOVE = YES;
				CLANG_WARN_UNGUARDED_AVAILABILITY = YES_AGGRESSIVE;
				CLANG_WARN_UNREACHABLE_CODE = YES;
				CLANG_WARN__DUPLICATE_METHOD_MATCH = YES;
				COPY_PHASE_STRIP = NO;
				DEBUG_INFORMATION_FORMAT = "dwarf-with-dsym";
				ENABLE_NS_ASSERTIONS = NO;
				ENABLE_STRICT_OBJC_MSGSEND = YES;
				GCC_C_LANGUAGE_STANDARD = gnu11;
				GCC_NO_COMMON_BLOCKS = YES;
				GCC_WARN_64_TO_32_BIT_CONVERSION = YES;
				GCC_WARN_ABOUT_RETURN_TYPE = YES_ERROR;
				GCC_WARN_UNDECLARED_SELECTOR = YES;
				GCC_WARN_UNINITIALIZED_AUTOS = YES_AGGRESSIVE;
				GCC_WARN_UNUSED_FUNCTION = YES;
				GCC_WARN_UNUSED_VARIABLE = YES;
				MACOSX_DEPLOYMENT_TARGET = 12.3;
				MTL_ENABLE_DEBUG_INFO = NO;
				MTL_FAST_MATH = YES;
				SDKROOT = macosx;
			};
			name = Release;
		};
		4EAF096428151AC400978426 /* Debug */ = {
			isa = XCBuildConfiguration;
			buildSettings = {
				ASSETCATALOG_COMPILER_APPICON_NAME = AppIcon;
				ASSETCATALOG_COMPILER_GLOBAL_ACCENT_COLOR_NAME = AccentColor;
				CODE_SIGN_ENTITLEMENTS = Interzone/Interzone.entitlements;
				CODE_SIGN_STYLE = Automatic;
				COMBINE_HIDPI_IMAGES = YES;
				CURRENT_PROJECT_VERSION = 1;
				DEVELOPMENT_TEAM = ZV46U3HL22;
				ENABLE_HARDENED_RUNTIME = YES;
				GENERATE_INFOPLIST_FILE = YES;
				INFOPLIST_KEY_NSHumanReadableCopyright = "";
				INFOPLIST_KEY_NSMainNibFile = MainMenu;
				INFOPLIST_KEY_NSPrincipalClass = NSApplication;
				LD_RUNPATH_SEARCH_PATHS = (
					"$(inherited)",
					"@executable_path/../Frameworks",
				);
				MACOSX_DEPLOYMENT_TARGET = 10.15;
				MARKETING_VERSION = 1.0;
				PRODUCT_BUNDLE_IDENTIFIER = Oreanui.Interzone;
				PRODUCT_NAME = "$(TARGET_NAME)";
				SWIFT_EMIT_LOC_STRINGS = YES;
			};
			name = Debug;
		};
		4EAF096528151AC400978426 /* Release */ = {
			isa = XCBuildConfiguration;
			buildSettings = {
				ASSETCATALOG_COMPILER_APPICON_NAME = AppIcon;
				ASSETCATALOG_COMPILER_GLOBAL_ACCENT_COLOR_NAME = AccentColor;
				CODE_SIGN_ENTITLEMENTS = Interzone/Interzone.entitlements;
				CODE_SIGN_STYLE = Automatic;
				COMBINE_HIDPI_IMAGES = YES;
				CURRENT_PROJECT_VERSION = 1;
				DEVELOPMENT_TEAM = ZV46U3HL22;
				ENABLE_HARDENED_RUNTIME = YES;
				GENERATE_INFOPLIST_FILE = YES;
				INFOPLIST_KEY_NSHumanReadableCopyright = "";
				INFOPLIST_KEY_NSMainNibFile = MainMenu;
				INFOPLIST_KEY_NSPrincipalClass = NSApplication;
				LD_RUNPATH_SEARCH_PATHS = (
					"$(inherited)",
					"@executable_path/../Frameworks",
				);
				MACOSX_DEPLOYMENT_TARGET = 10.15;
				MARKETING_VERSION = 1.0;
				PRODUCT_BUNDLE_IDENTIFIER = Oreanui.Interzone;
				PRODUCT_NAME = "$(TARGET_NAME)";
				SWIFT_EMIT_LOC_STRINGS = YES;
			};
			name = Release;
		};
		4EAF096728151AC400978426 /* Debug */ = {
			isa = XCBuildConfiguration;
			buildSettings = {
				BUNDLE_LOADER = "$(TEST_HOST)";
				CODE_SIGN_STYLE = Automatic;
				CURRENT_PROJECT_VERSION = 1;
				DEVELOPMENT_TEAM = ZV46U3HL22;
				GENERATE_INFOPLIST_FILE = YES;
				MACOSX_DEPLOYMENT_TARGET = 10.15;
				MARKETING_VERSION = 1.0;
				PRODUCT_BUNDLE_IDENTIFIER = Oreanui.InterzoneTests;
				PRODUCT_NAME = "$(TARGET_NAME)";
				SWIFT_EMIT_LOC_STRINGS = NO;
				TEST_HOST = "$(BUILT_PRODUCTS_DIR)/Interzone.app/Contents/MacOS/Interzone";
			};
			name = Debug;
		};
		4EAF096828151AC400978426 /* Release */ = {
			isa = XCBuildConfiguration;
			buildSettings = {
				BUNDLE_LOADER = "$(TEST_HOST)";
				CODE_SIGN_STYLE = Automatic;
				CURRENT_PROJECT_VERSION = 1;
				DEVELOPMENT_TEAM = ZV46U3HL22;
				GENERATE_INFOPLIST_FILE = YES;
				MACOSX_DEPLOYMENT_TARGET = 10.15;
				MARKETING_VERSION = 1.0;
				PRODUCT_BUNDLE_IDENTIFIER = Oreanui.InterzoneTests;
				PRODUCT_NAME = "$(TARGET_NAME)";
				SWIFT_EMIT_LOC_STRINGS = NO;
				TEST_HOST = "$(BUILT_PRODUCTS_DIR)/Interzone.app/Contents/MacOS/Interzone";
			};
			name = Release;
		};
		4EAF096A28151AC400978426 /* Debug */ = {
			isa = XCBuildConfiguration;
			buildSettings = {
				CODE_SIGN_STYLE = Automatic;
				CURRENT_PROJECT_VERSION = 1;
				DEVELOPMENT_TEAM = ZV46U3HL22;
				GENERATE_INFOPLIST_FILE = YES;
				MARKETING_VERSION = 1.0;
				PRODUCT_BUNDLE_IDENTIFIER = Oreanui.InterzoneUITests;
				PRODUCT_NAME = "$(TARGET_NAME)";
				SWIFT_EMIT_LOC_STRINGS = NO;
				TEST_TARGET_NAME = Interzone;
			};
			name = Debug;
		};
		4EAF096B28151AC400978426 /* Release */ = {
			isa = XCBuildConfiguration;
			buildSettings = {
				CODE_SIGN_STYLE = Automatic;
				CURRENT_PROJECT_VERSION = 1;
				DEVELOPMENT_TEAM = ZV46U3HL22;
				GENERATE_INFOPLIST_FILE = YES;
				MARKETING_VERSION = 1.0;
				PRODUCT_BUNDLE_IDENTIFIER = Oreanui.InterzoneUITests;
				PRODUCT_NAME = "$(TARGET_NAME)";
				SWIFT_EMIT_LOC_STRINGS = NO;
				TEST_TARGET_NAME = Interzone;
			};
			name = Release;
		};
/* End XCBuildConfiguration section */

/* Begin XCConfigurationList section */
		4EAF093528151ABA00978426 /* Build configuration list for PBXProject "Interzone" */ = {
			isa = XCConfigurationList;
			buildConfigurations = (
				4EAF096128151AC400978426 /* Debug */,
				4EAF096228151AC400978426 /* Release */,
			);
			defaultConfigurationIsVisible = 0;
			defaultConfigurationName = Release;
		};
		4EAF096328151AC400978426 /* Build configuration list for PBXNativeTarget "Interzone" */ = {
			isa = XCConfigurationList;
			buildConfigurations = (
				4EAF096428151AC400978426 /* Debug */,
				4EAF096528151AC400978426 /* Release */,
			);
			defaultConfigurationIsVisible = 0;
			defaultConfigurationName = Release;
		};
		4EAF096628151AC400978426 /* Build configuration list for PBXNativeTarget "InterzoneTests" */ = {
			isa = XCConfigurationList;
			buildConfigurations = (
				4EAF096728151AC400978426 /* Debug */,
				4EAF096828151AC400978426 /* Release */,
			);
			defaultConfigurationIsVisible = 0;
			defaultConfigurationName = Release;
		};
		4EAF096928151AC400978426 /* Build configuration list for PBXNativeTarget "InterzoneUITests" */ = {
			isa = XCConfigurationList;
			buildConfigurations = (
				4EAF096A28151AC400978426 /* Debug */,
				4EAF096B28151AC400978426 /* Release */,
			);
			defaultConfigurationIsVisible = 0;
			defaultConfigurationName = Release;
		};
/* End XCConfigurationList section */

/* Begin XCVersionGroup section */
		4EAF094028151ABA00978426 /* Interzone.xcdatamodeld */ = {
			isa = XCVersionGroup;
			children = (
				4EAF094128151ABA00978426 /* Interzone.xcdatamodel */,
			);
			currentVersion = 4EAF094128151ABA00978426 /* Interzone.xcdatamodel */;
			path = Interzone.xcdatamodeld;
			sourceTree = "<group>";
			versionGroupType = wrapper.xcdatamodel;
		};
/* End XCVersionGroup section */
	};
	rootObject = 4EAF093228151ABA00978426 /* Project object */;
}
